
Microsoft Visual Studio Solution File, Format Version 12.00
# Visual Studio Version 16
VisualStudioVersion = 16.0.31005.135
MinimumVisualStudioVersion = 10.0.40219.1
Project("{FAE04EC0-301F-11D3-BF4B-00C04F79EFBC}") = "Web.Api", "Web.Api\Web.Api.csproj", "{7C2EC349-030C-4A53-8E9F-EF5EA5E36D5C}"
EndProject
Global
	GlobalSection(SolutionConfigurationPlatforms) = preSolution
		Debug|Any CPU = Debug|Any CPU
		Release|Any CPU = Release|Any CPU
	EndGlobalSection
	GlobalSection(ProjectConfigurationPlatforms) = postSolution
		{7C2EC349-030C-4A53-8E9F-EF5EA5E36D5C}.Debug|Any CPU.ActiveCfg = Debug|Any CPU
		{7C2EC349-030C-4A53-8E9F-EF5EA5E36D5C}.Debug|Any CPU.Build.0 = Debug|Any CPU
		{7C2EC349-030C-4A53-8E9F-EF5EA5E36D5C}.Release|Any CPU.ActiveCfg = Release|Any CPU
		{7C2EC349-030C-4A53-8E9F-EF5EA5E36D5C}.Release|Any CPU.Build.0 = Release|Any CPU
	EndGlobalSection
	GlobalSection(SolutionProperties) = preSolution
		HideSolutionNode = FALSE
	EndGlobalSection
	GlobalSection(ExtensibilityGlobals) = postSolution
		SolutionGuid = {5F6B74C5-1B12-4B52-A053-97483FCC2701}
	EndGlobalSection
EndGlobal
